
Microsoft Visual Studio Solution File, Format Version 12.00
# Visual Studio Version 17
VisualStudioVersion = 17.14.36310.24
MinimumVisualStudioVersion = 10.0.40219.1
Project("{FAE04EC0-301F-11D3-BF4B-00C04F79EFBC}") = "EnergyManagement.WebApi", "src\EnergyManagement.WebApi\EnergyManagement.WebApi.csproj", "{EADA8470-F556-CC32-B39D-F25A96A0E58D}"
EndProject
Project("{FAE04EC0-301F-11D3-BF4B-00C04F79EFBC}") = "EnergyManagement.Application", "..\EnergyManagement.Application\EnergyManagement.Application.csproj", "{4DEB1E4F-EA60-432E-9B41-C7E6486C1CA2}"
EndProject
Project("{FAE04EC0-301F-11D3-BF4B-00C04F79EFBC}") = "EnergyManagement.Infraestructure", "..\EnergyManagement.Infraestructure\EnergyManagement.Infraestructure.csproj", "{16D28404-9B67-4EDE-8CD2-DB9E1889BB2C}"
EndProject
Project("{FAE04EC0-301F-11D3-BF4B-00C04F79EFBC}") = "EnergyManagement.Core", "..\EnergyManagement.Core\EnergyManagement.Core.csproj", "{EC6C4B8A-3AAF-4C12-BEFC-33A46FB262C6}"
EndProject
Global
	GlobalSection(SolutionConfigurationPlatforms) = preSolution
		Debug|Any CPU = Debug|Any CPU
		Release|Any CPU = Release|Any CPU
	EndGlobalSection
	GlobalSection(ProjectConfigurationPlatforms) = postSolution
		{EADA8470-F556-CC32-B39D-F25A96A0E58D}.Debug|Any CPU.ActiveCfg = Debug|Any CPU
		{EADA8470-F556-CC32-B39D-F25A96A0E58D}.Debug|Any CPU.Build.0 = Debug|Any CPU
		{EADA8470-F556-CC32-B39D-F25A96A0E58D}.Release|Any CPU.ActiveCfg = Release|Any CPU
		{EADA8470-F556-CC32-B39D-F25A96A0E58D}.Release|Any CPU.Build.0 = Release|Any CPU
		{4DEB1E4F-EA60-432E-9B41-C7E6486C1CA2}.Debug|Any CPU.ActiveCfg = Debug|Any CPU
		{4DEB1E4F-EA60-432E-9B41-C7E6486C1CA2}.Debug|Any CPU.Build.0 = Debug|Any CPU
		{4DEB1E4F-EA60-432E-9B41-C7E6486C1CA2}.Release|Any CPU.ActiveCfg = Release|Any CPU
		{4DEB1E4F-EA60-432E-9B41-C7E6486C1CA2}.Release|Any CPU.Build.0 = Release|Any CPU
		{16D28404-9B67-4EDE-8CD2-DB9E1889BB2C}.Debug|Any CPU.ActiveCfg = Debug|Any CPU
		{16D28404-9B67-4EDE-8CD2-DB9E1889BB2C}.Debug|Any CPU.Build.0 = Debug|Any CPU
		{16D28404-9B67-4EDE-8CD2-DB9E1889BB2C}.Release|Any CPU.ActiveCfg = Release|Any CPU
		{16D28404-9B67-4EDE-8CD2-DB9E1889BB2C}.Release|Any CPU.Build.0 = Release|Any CPU
		{EC6C4B8A-3AAF-4C12-BEFC-33A46FB262C6}.Debug|Any CPU.ActiveCfg = Debug|Any CPU
		{EC6C4B8A-3AAF-4C12-BEFC-33A46FB262C6}.Debug|Any CPU.Build.0 = Debug|Any CPU
		{EC6C4B8A-3AAF-4C12-BEFC-33A46FB262C6}.Release|Any CPU.ActiveCfg = Release|Any CPU
		{EC6C4B8A-3AAF-4C12-BEFC-33A46FB262C6}.Release|Any CPU.Build.0 = Release|Any CPU
	EndGlobalSection
	GlobalSection(SolutionProperties) = preSolution
		HideSolutionNode = FALSE
	EndGlobalSection
	GlobalSection(ExtensibilityGlobals) = postSolution
		SolutionGuid = {36741B57-55AB-42D7-86D6-04EE43499FC4}
	EndGlobalSection
EndGlobal
